
Microsoft Visual Studio Solution File, Format Version 12.00
# Visual Studio Version 16
VisualStudioVersion = 16.0.29920.165
MinimumVisualStudioVersion = 10.0.40219.1
Project("{FAE04EC0-301F-11D3-BF4B-00C04F79EFBC}") = "Robbin' Season", "Robbin' Season.csproj", "{D6A3EF59-1BDA-4211-B8BE-161E3062D0BB}"
EndProject
Global
	GlobalSection(SolutionConfigurationPlatforms) = preSolution
		Debug|Any CPU = Debug|Any CPU
		Release|Any CPU = Release|Any CPU
	EndGlobalSection
	GlobalSection(ProjectConfigurationPlatforms) = postSolution
		{D6A3EF59-1BDA-4211-B8BE-161E3062D0BB}.Debug|Any CPU.ActiveCfg = Debug|Any CPU
		{D6A3EF59-1BDA-4211-B8BE-161E3062D0BB}.Debug|Any CPU.Build.0 = Debug|Any CPU
		{D6A3EF59-1BDA-4211-B8BE-161E3062D0BB}.Release|Any CPU.ActiveCfg = Release|Any CPU
		{D6A3EF59-1BDA-4211-B8BE-161E3062D0BB}.Release|Any CPU.Build.0 = Release|Any CPU
	EndGlobalSection
	GlobalSection(SolutionProperties) = preSolution
		HideSolutionNode = FALSE
	EndGlobalSection
	GlobalSection(ExtensibilityGlobals) = postSolution
		SolutionGuid = {37A0340F-1723-4622-AFD6-04B1CD06D38E}
	EndGlobalSection
EndGlobal
